
Microsoft Visual Studio Solution File, Format Version 12.00
# Visual Studio Version 17
VisualStudioVersion = 17.9.34622.214
MinimumVisualStudioVersion = 10.0.40219.1
Project("{FAE04EC0-301F-11D3-BF4B-00C04F79EFBC}") = "Exercise01--Decorator-Pattern", "Exercise01--Decorator-Pattern.csproj", "{89D1ED0F-7F88-4CA3-BE5F-98522DF499E5}"
EndProject
Global
	GlobalSection(SolutionConfigurationPlatforms) = preSolution
		Debug|Any CPU = Debug|Any CPU
		Release|Any CPU = Release|Any CPU
	EndGlobalSection
	GlobalSection(ProjectConfigurationPlatforms) = postSolution
		{89D1ED0F-7F88-4CA3-BE5F-98522DF499E5}.Debug|Any CPU.ActiveCfg = Debug|Any CPU
		{89D1ED0F-7F88-4CA3-BE5F-98522DF499E5}.Debug|Any CPU.Build.0 = Debug|Any CPU
		{89D1ED0F-7F88-4CA3-BE5F-98522DF499E5}.Release|Any CPU.ActiveCfg = Release|Any CPU
		{89D1ED0F-7F88-4CA3-BE5F-98522DF499E5}.Release|Any CPU.Build.0 = Release|Any CPU
	EndGlobalSection
	GlobalSection(SolutionProperties) = preSolution
		HideSolutionNode = FALSE
	EndGlobalSection
	GlobalSection(ExtensibilityGlobals) = postSolution
		SolutionGuid = {253431F4-278B-430D-812B-575B20D06E66}
	EndGlobalSection
EndGlobal
