
Microsoft Visual Studio Solution File, Format Version 12.00
# Visual Studio Version 17
VisualStudioVersion = 17.0.31903.59
MinimumVisualStudioVersion = 10.0.40219.1
Project("{2150E333-8FDC-42A3-9474-1A3956D46DE8}") = "2024-03-20", "2024-03-20", "{D8E1E6CF-0CFC-40B6-AC1B-077C98EAA844}"
EndProject
Project("{FAE04EC0-301F-11D3-BF4B-00C04F79EFBC}") = "Exercise01--Facade-Pattern", "2024-03-20\Exercise01--Facade-Pattern\Exercise01--Facade-Pattern.csproj", "{30325F4A-DAB2-4361-845B-D2819D779917}"
EndProject
Global
	GlobalSection(SolutionConfigurationPlatforms) = preSolution
		Debug|Any CPU = Debug|Any CPU
		Release|Any CPU = Release|Any CPU
	EndGlobalSection
	GlobalSection(SolutionProperties) = preSolution
		HideSolutionNode = FALSE
	EndGlobalSection
	GlobalSection(ProjectConfigurationPlatforms) = postSolution
		{30325F4A-DAB2-4361-845B-D2819D779917}.Debug|Any CPU.ActiveCfg = Debug|Any CPU
		{30325F4A-DAB2-4361-845B-D2819D779917}.Debug|Any CPU.Build.0 = Debug|Any CPU
		{30325F4A-DAB2-4361-845B-D2819D779917}.Release|Any CPU.ActiveCfg = Release|Any CPU
		{30325F4A-DAB2-4361-845B-D2819D779917}.Release|Any CPU.Build.0 = Release|Any CPU
	EndGlobalSection
	GlobalSection(NestedProjects) = preSolution
		{30325F4A-DAB2-4361-845B-D2819D779917} = {D8E1E6CF-0CFC-40B6-AC1B-077C98EAA844}
	EndGlobalSection
EndGlobal
