
Microsoft Visual Studio Solution File, Format Version 12.00
# Visual Studio Version 17
VisualStudioVersion = 17.9.34622.214
MinimumVisualStudioVersion = 10.0.40219.1
Project("{FAE04EC0-301F-11D3-BF4B-00C04F79EFBC}") = "Exercise02--Decorator-Pattern", "Exercise02--Decorator-Pattern.csproj", "{925DCAF1-A1FC-43F1-86CF-96A2D17C8B4D}"
EndProject
Global
	GlobalSection(SolutionConfigurationPlatforms) = preSolution
		Debug|Any CPU = Debug|Any CPU
		Release|Any CPU = Release|Any CPU
	EndGlobalSection
	GlobalSection(ProjectConfigurationPlatforms) = postSolution
		{925DCAF1-A1FC-43F1-86CF-96A2D17C8B4D}.Debug|Any CPU.ActiveCfg = Debug|Any CPU
		{925DCAF1-A1FC-43F1-86CF-96A2D17C8B4D}.Debug|Any CPU.Build.0 = Debug|Any CPU
		{925DCAF1-A1FC-43F1-86CF-96A2D17C8B4D}.Release|Any CPU.ActiveCfg = Release|Any CPU
		{925DCAF1-A1FC-43F1-86CF-96A2D17C8B4D}.Release|Any CPU.Build.0 = Release|Any CPU
	EndGlobalSection
	GlobalSection(SolutionProperties) = preSolution
		HideSolutionNode = FALSE
	EndGlobalSection
	GlobalSection(ExtensibilityGlobals) = postSolution
		SolutionGuid = {571D2C39-A741-44C4-B78F-35079AF36D0E}
	EndGlobalSection
EndGlobal
