
Microsoft Visual Studio Solution File, Format Version 12.00
# Visual Studio Version 17
VisualStudioVersion = 17.9.34622.214
MinimumVisualStudioVersion = 10.0.40219.1
Project("{FAE04EC0-301F-11D3-BF4B-00C04F79EFBC}") = "2024-03-13-Factory-Pattern", "2024-03-13-Factory-Pattern.csproj", "{2D377E02-1D43-4899-94A9-7C51E7C663BA}"
EndProject
Global
	GlobalSection(SolutionConfigurationPlatforms) = preSolution
		Debug|Any CPU = Debug|Any CPU
		Release|Any CPU = Release|Any CPU
	EndGlobalSection
	GlobalSection(ProjectConfigurationPlatforms) = postSolution
		{2D377E02-1D43-4899-94A9-7C51E7C663BA}.Debug|Any CPU.ActiveCfg = Debug|Any CPU
		{2D377E02-1D43-4899-94A9-7C51E7C663BA}.Debug|Any CPU.Build.0 = Debug|Any CPU
		{2D377E02-1D43-4899-94A9-7C51E7C663BA}.Release|Any CPU.ActiveCfg = Release|Any CPU
		{2D377E02-1D43-4899-94A9-7C51E7C663BA}.Release|Any CPU.Build.0 = Release|Any CPU
	EndGlobalSection
	GlobalSection(SolutionProperties) = preSolution
		HideSolutionNode = FALSE
	EndGlobalSection
	GlobalSection(ExtensibilityGlobals) = postSolution
		SolutionGuid = {642EAD31-0FCB-4454-8062-35B056264967}
	EndGlobalSection
EndGlobal
